// !$*UTF8*$!
{
	archiveVersion = 1;
	classes = {
	};
	objectVersion = 50;
	objects = {

/* Begin PBXBuildFile section */
		CE7077E5219A812D0080C054 /* AppDelegate.m in Sources */ = {isa = PBXBuildFile; fileRef = CE7077E4219A812D0080C054 /* AppDelegate.m */; };
		CE7077EB219A812D0080C054 /* Main.storyboard in Resources */ = {isa = PBXBuildFile; fileRef = CE7077E9219A812D0080C054 /* Main.storyboard */; };
		CE7077ED219A81300080C054 /* Assets.xcassets in Resources */ = {isa = PBXBuildFile; fileRef = CE7077EC219A81300080C054 /* Assets.xcassets */; };
		CE7077F0219A81300080C054 /* LaunchScreen.storyboard in Resources */ = {isa = PBXBuildFile; fileRef = CE7077EE219A81300080C054 /* LaunchScreen.storyboard */; };
		CE7077F3219A81300080C054 /* main.m in Sources */ = {isa = PBXBuildFile; fileRef = CE7077F2219A81300080C054 /* main.m */; };
		CE7077FD219A81300080C054 /* TSTTransitionDemoTests.m in Sources */ = {isa = PBXBuildFile; fileRef = CE7077FC219A81300080C054 /* TSTTransitionDemoTests.m */; };
		CE707808219A81300080C054 /* TSTTransitionDemoUITests.m in Sources */ = {isa = PBXBuildFile; fileRef = CE707807219A81300080C054 /* TSTTransitionDemoUITests.m */; };
		CE707905219AAEA60080C054 /* TableViewController.m in Sources */ = {isa = PBXBuildFile; fileRef = CE707904219AAEA60080C054 /* TableViewController.m */; };
		CE707912219AB0340080C054 /* TSTTransition.m in Sources */ = {isa = PBXBuildFile; fileRef = CE707907219AB0330080C054 /* TSTTransition.m */; };
		CE707913219AB0340080C054 /* TSTTransitionGlobalSetting.m in Sources */ = {isa = PBXBuildFile; fileRef = CE707909219AB0330080C054 /* TSTTransitionGlobalSetting.m */; };
		CE707914219AB0340080C054 /* TSTAnimator.m in Sources */ = {isa = PBXBuildFile; fileRef = CE70790A219AB0330080C054 /* TSTAnimator.m */; };
		CE707915219AB0340080C054 /* TSTDismissInteractiveTransition.m in Sources */ = {isa = PBXBuildFile; fileRef = CE70790D219AB0330080C054 /* TSTDismissInteractiveTransition.m */; };
		CE707916219AB0340080C054 /* UIViewController+TSTTransition.m in Sources */ = {isa = PBXBuildFile; fileRef = CE707911219AB0330080C054 /* UIViewController+TSTTransition.m */; };
		CE707919219AB1090080C054 /* SettingViewController.m in Sources */ = {isa = PBXBuildFile; fileRef = CE707918219AB1090080C054 /* SettingViewController.m */; };
		CE70791C219AC7160080C054 /* TestViewController.m in Sources */ = {isa = PBXBuildFile; fileRef = CE70791B219AC7160080C054 /* TestViewController.m */; };
		CE70791F219AC7A00080C054 /* UIViewController+Utils.m in Sources */ = {isa = PBXBuildFile; fileRef = CE70791E219AC79F0080C054 /* UIViewController+Utils.m */; };
		CE707922219AD4AE0080C054 /* TabBarController.m in Sources */ = {isa = PBXBuildFile; fileRef = CE707921219AD4AE0080C054 /* TabBarController.m */; };
		CE70792F219BF8250080C054 /* CustomPresentAnimator.m in Sources */ = {isa = PBXBuildFile; fileRef = CE70792E219BF8250080C054 /* CustomPresentAnimator.m */; };
		CE707932219BFC7C0080C054 /* CustomDismissAnimator.m in Sources */ = {isa = PBXBuildFile; fileRef = CE707931219BFC7C0080C054 /* CustomDismissAnimator.m */; };
		CE707935219C18110080C054 /* CustomPresentInteractiveTransition.m in Sources */ = {isa = PBXBuildFile; fileRef = CE707934219C18110080C054 /* CustomPresentInteractiveTransition.m */; };
		CE707938219C1EA30080C054 /* TestAViewController.m in Sources */ = {isa = PBXBuildFile; fileRef = CE707937219C1EA30080C054 /* TestAViewController.m */; };
		CE70793B219C217F0080C054 /* CustomPresentAnimator1.m in Sources */ = {isa = PBXBuildFile; fileRef = CE70793A219C217F0080C054 /* CustomPresentAnimator1.m */; };
/* End PBXBuildFile section */

/* Begin PBXContainerItemProxy section */
		CE7077F9219A81300080C054 /* PBXContainerItemProxy */ = {
			isa = PBXContainerItemProxy;
			containerPortal = CE7077D8219A812D0080C054 /* Project object */;
			proxyType = 1;
			remoteGlobalIDString = CE7077DF219A812D0080C054;
			remoteInfo = TSTTransitionDemo;
		};
		CE707804219A81300080C054 /* PBXContainerItemProxy */ = {
			isa = PBXContainerItemProxy;
			containerPortal = CE7077D8219A812D0080C054 /* Project object */;
			proxyType = 1;
			remoteGlobalIDString = CE7077DF219A812D0080C054;
			remoteInfo = TSTTransitionDemo;
		};
/* End PBXContainerItemProxy section */

/* Begin PBXFileReference section */
		CE7077E0219A812D0080C054 /* TSTTransitionDemo.app */ = {isa = PBXFileReference; explicitFileType = wrapper.application; includeInIndex = 0; path = TSTTransitionDemo.app; sourceTree = BUILT_PRODUCTS_DIR; };
		CE7077E3219A812D0080C054 /* AppDelegate.h */ = {isa = PBXFileReference; lastKnownFileType = sourcecode.c.h; path = AppDelegate.h; sourceTree = "<group>"; };
		CE7077E4219A812D0080C054 /* AppDelegate.m */ = {isa = PBXFileReference; lastKnownFileType = sourcecode.c.objc; path = AppDelegate.m; sourceTree = "<group>"; };
		CE7077EA219A812D0080C054 /* Base */ = {isa = PBXFileReference; lastKnownFileType = file.storyboard; name = Base; path = Base.lproj/Main.storyboard; sourceTree = "<group>"; };
		CE7077EC219A81300080C054 /* Assets.xcassets */ = {isa = PBXFileReference; lastKnownFileType = folder.assetcatalog; path = Assets.xcassets; sourceTree = "<group>"; };
		CE7077EF219A81300080C054 /* Base */ = {isa = PBXFileReference; lastKnownFileType = file.storyboard; name = Base; path = Base.lproj/LaunchScreen.storyboard; sourceTree = "<group>"; };
		CE7077F1219A81300080C054 /* Info.plist */ = {isa = PBXFileReference; lastKnownFileType = text.plist.xml; path = Info.plist; sourceTree = "<group>"; };
		CE7077F2219A81300080C054 /* main.m */ = {isa = PBXFileReference; lastKnownFileType = sourcecode.c.objc; path = main.m; sourceTree = "<group>"; };
		CE7077F8219A81300080C054 /* TSTTransitionDemoTests.xctest */ = {isa = PBXFileReference; explicitFileType = wrapper.cfbundle; includeInIndex = 0; path = TSTTransitionDemoTests.xctest; sourceTree = BUILT_PRODUCTS_DIR; };
		CE7077FC219A81300080C054 /* TSTTransitionDemoTests.m */ = {isa = PBXFileReference; lastKnownFileType = sourcecode.c.objc; path = TSTTransitionDemoTests.m; sourceTree = "<group>"; };
		CE7077FE219A81300080C054 /* Info.plist */ = {isa = PBXFileReference; lastKnownFileType = text.plist.xml; path = Info.plist; sourceTree = "<group>"; };
		CE707803219A81300080C054 /* TSTTransitionDemoUITests.xctest */ = {isa = PBXFileReference; explicitFileType = wrapper.cfbundle; includeInIndex = 0; path = TSTTransitionDemoUITests.xctest; sourceTree = BUILT_PRODUCTS_DIR; };
		CE707807219A81300080C054 /* TSTTransitionDemoUITests.m */ = {isa = PBXFileReference; lastKnownFileType = sourcecode.c.objc; path = TSTTransitionDemoUITests.m; sourceTree = "<group>"; };
		CE707809219A81300080C054 /* Info.plist */ = {isa = PBXFileReference; lastKnownFileType = text.plist.xml; path = Info.plist; sourceTree = "<group>"; };
		CE707903219AAEA60080C054 /* TableViewController.h */ = {isa = PBXFileReference; lastKnownFileType = sourcecode.c.h; path = TableViewController.h; sourceTree = "<group>"; };
		CE707904219AAEA60080C054 /* TableViewController.m */ = {isa = PBXFileReference; lastKnownFileType = sourcecode.c.objc; path = TableViewController.m; sourceTree = "<group>"; };
		CE707907219AB0330080C054 /* TSTTransition.m */ = {isa = PBXFileReference; fileEncoding = 4; lastKnownFileType = sourcecode.c.objc; path = TSTTransition.m; sourceTree = "<group>"; };
		CE707908219AB0330080C054 /* TSTDismissInteractiveTransition.h */ = {isa = PBXFileReference; fileEncoding = 4; lastKnownFileType = sourcecode.c.h; path = TSTDismissInteractiveTransition.h; sourceTree = "<group>"; };
		CE707909219AB0330080C054 /* TSTTransitionGlobalSetting.m */ = {isa = PBXFileReference; fileEncoding = 4; lastKnownFileType = sourcecode.c.objc; path = TSTTransitionGlobalSetting.m; sourceTree = "<group>"; };
		CE70790A219AB0330080C054 /* TSTAnimator.m */ = {isa = PBXFileReference; fileEncoding = 4; lastKnownFileType = sourcecode.c.objc; path = TSTAnimator.m; sourceTree = "<group>"; };
		CE70790B219AB0330080C054 /* UIViewController+TSTTransition.h */ = {isa = PBXFileReference; fileEncoding = 4; lastKnownFileType = sourcecode.c.h; path = "UIViewController+TSTTransition.h"; sourceTree = "<group>"; };
		CE70790C219AB0330080C054 /* UIViewController+TSTTransitionPrivate.h */ = {isa = PBXFileReference; fileEncoding = 4; lastKnownFileType = sourcecode.c.h; path = "UIViewController+TSTTransitionPrivate.h"; sourceTree = "<group>"; };
		CE70790D219AB0330080C054 /* TSTDismissInteractiveTransition.m */ = {isa = PBXFileReference; fileEncoding = 4; lastKnownFileType = sourcecode.c.objc; path = TSTDismissInteractiveTransition.m; sourceTree = "<group>"; };
		CE70790E219AB0330080C054 /* TSTTransition.h */ = {isa = PBXFileReference; fileEncoding = 4; lastKnownFileType = sourcecode.c.h; path = TSTTransition.h; sourceTree = "<group>"; };
		CE70790F219AB0330080C054 /* TSTTransitionGlobalSetting.h */ = {isa = PBXFileReference; fileEncoding = 4; lastKnownFileType = sourcecode.c.h; path = TSTTransitionGlobalSetting.h; sourceTree = "<group>"; };
		CE707910219AB0330080C054 /* TSTAnimator.h */ = {isa = PBXFileReference; fileEncoding = 4; lastKnownFileType = sourcecode.c.h; path = TSTAnimator.h; sourceTree = "<group>"; };
		CE707911219AB0330080C054 /* UIViewController+TSTTransition.m */ = {isa = PBXFileReference; fileEncoding = 4; lastKnownFileType = sourcecode.c.objc; path = "UIViewController+TSTTransition.m"; sourceTree = "<group>"; };
		CE707917219AB1090080C054 /* SettingViewController.h */ = {isa = PBXFileReference; lastKnownFileType = sourcecode.c.h; path = SettingViewController.h; sourceTree = "<group>"; };
		CE707918219AB1090080C054 /* SettingViewController.m */ = {isa = PBXFileReference; lastKnownFileType = sourcecode.c.objc; path = SettingViewController.m; sourceTree = "<group>"; };
		CE70791A219AC7160080C054 /* TestViewController.h */ = {isa = PBXFileReference; lastKnownFileType = sourcecode.c.h; path = TestViewController.h; sourceTree = "<group>"; };
		CE70791B219AC7160080C054 /* TestViewController.m */ = {isa = PBXFileReference; lastKnownFileType = sourcecode.c.objc; path = TestViewController.m; sourceTree = "<group>"; };
		CE70791D219AC79F0080C054 /* UIViewController+Utils.h */ = {isa = PBXFileReference; lastKnownFileType = sourcecode.c.h; path = "UIViewController+Utils.h"; sourceTree = "<group>"; };
		CE70791E219AC79F0080C054 /* UIViewController+Utils.m */ = {isa = PBXFileReference; lastKnownFileType = sourcecode.c.objc; path = "UIViewController+Utils.m"; sourceTree = "<group>"; };
		CE707920219AD4AE0080C054 /* TabBarController.h */ = {isa = PBXFileReference; lastKnownFileType = sourcecode.c.h; path = TabBarController.h; sourceTree = "<group>"; };
		CE707921219AD4AE0080C054 /* TabBarController.m */ = {isa = PBXFileReference; lastKnownFileType = sourcecode.c.objc; path = TabBarController.m; sourceTree = "<group>"; };
		CE70792D219BF8250080C054 /* CustomPresentAnimator.h */ = {isa = PBXFileReference; lastKnownFileType = sourcecode.c.h; path = CustomPresentAnimator.h; sourceTree = "<group>"; };
		CE70792E219BF8250080C054 /* CustomPresentAnimator.m */ = {isa = PBXFileReference; lastKnownFileType = sourcecode.c.objc; path = CustomPresentAnimator.m; sourceTree = "<group>"; };
		CE707930219BFC7C0080C054 /* CustomDismissAnimator.h */ = {isa = PBXFileReference; lastKnownFileType = sourcecode.c.h; path = CustomDismissAnimator.h; sourceTree = "<group>"; };
		CE707931219BFC7C0080C054 /* CustomDismissAnimator.m */ = {isa = PBXFileReference; lastKnownFileType = sourcecode.c.objc; path = CustomDismissAnimator.m; sourceTree = "<group>"; };
		CE707933219C18110080C054 /* CustomPresentInteractiveTransition.h */ = {isa = PBXFileReference; lastKnownFileType = sourcecode.c.h; path = CustomPresentInteractiveTransition.h; sourceTree = "<group>"; };
		CE707934219C18110080C054 /* CustomPresentInteractiveTransition.m */ = {isa = PBXFileReference; lastKnownFileType = sourcecode.c.objc; path = CustomPresentInteractiveTransition.m; sourceTree = "<group>"; };
		CE707936219C1EA30080C054 /* TestAViewController.h */ = {isa = PBXFileReference; lastKnownFileType = sourcecode.c.h; path = TestAViewController.h; sourceTree = "<group>"; };
		CE707937219C1EA30080C054 /* TestAViewController.m */ = {isa = PBXFileReference; lastKnownFileType = sourcecode.c.objc; path = TestAViewController.m; sourceTree = "<group>"; };
		CE707939219C217F0080C054 /* CustomPresentAnimator1.h */ = {isa = PBXFileReference; lastKnownFileType = sourcecode.c.h; path = CustomPresentAnimator1.h; sourceTree = "<group>"; };
		CE70793A219C217F0080C054 /* CustomPresentAnimator1.m */ = {isa = PBXFileReference; lastKnownFileType = sourcecode.c.objc; path = CustomPresentAnimator1.m; sourceTree = "<group>"; };
/* End PBXFileReference section */

/* Begin PBXFrameworksBuildPhase section */
		CE7077DD219A812D0080C054 /* Frameworks */ = {
			isa = PBXFrameworksBuildPhase;
			buildActionMask = 2147483647;
			files = (
			);
			runOnlyForDeploymentPostprocessing = 0;
		};
		CE7077F5219A81300080C054 /* Frameworks */ = {
			isa = PBXFrameworksBuildPhase;
			buildActionMask = 2147483647;
			files = (
			);
			runOnlyForDeploymentPostprocessing = 0;
		};
		CE707800219A81300080C054 /* Frameworks */ = {
			isa = PBXFrameworksBuildPhase;
			buildActionMask = 2147483647;
			files = (
			);
			runOnlyForDeploymentPostprocessing = 0;
		};
/* End PBXFrameworksBuildPhase section */

/* Begin PBXGroup section */
		CE7077D7219A812D0080C054 = {
			isa = PBXGroup;
			children = (
				CE7077E2219A812D0080C054 /* TSTTransitionDemo */,
				CE7077FB219A81300080C054 /* TSTTransitionDemoTests */,
				CE707806219A81300080C054 /* TSTTransitionDemoUITests */,
				CE7077E1219A812D0080C054 /* Products */,
				CE707819219A81D90080C054 /* Frameworks */,
			);
			sourceTree = "<group>";
		};
		CE7077E1219A812D0080C054 /* Products */ = {
			isa = PBXGroup;
			children = (
				CE7077E0219A812D0080C054 /* TSTTransitionDemo.app */,
				CE7077F8219A81300080C054 /* TSTTransitionDemoTests.xctest */,
				CE707803219A81300080C054 /* TSTTransitionDemoUITests.xctest */,
			);
			name = Products;
			sourceTree = "<group>";
		};
		CE7077E2219A812D0080C054 /* TSTTransitionDemo */ = {
			isa = PBXGroup;
			children = (
				CE707906219AB0330080C054 /* TSTTransition */,
				CE7077E3219A812D0080C054 /* AppDelegate.h */,
				CE7077E4219A812D0080C054 /* AppDelegate.m */,
				CE7077E9219A812D0080C054 /* Main.storyboard */,
				CE7077EC219A81300080C054 /* Assets.xcassets */,
				CE7077EE219A81300080C054 /* LaunchScreen.storyboard */,
				CE7077F1219A81300080C054 /* Info.plist */,
				CE7077F2219A81300080C054 /* main.m */,
				CE707903219AAEA60080C054 /* TableViewController.h */,
				CE707904219AAEA60080C054 /* TableViewController.m */,
				CE707917219AB1090080C054 /* SettingViewController.h */,
				CE707918219AB1090080C054 /* SettingViewController.m */,
				CE70791A219AC7160080C054 /* TestViewController.h */,
				CE70791B219AC7160080C054 /* TestViewController.m */,
				CE707920219AD4AE0080C054 /* TabBarController.h */,
				CE707921219AD4AE0080C054 /* TabBarController.m */,
				CE70791D219AC79F0080C054 /* UIViewController+Utils.h */,
				CE70791E219AC79F0080C054 /* UIViewController+Utils.m */,
				CE70792D219BF8250080C054 /* CustomPresentAnimator.h */,
				CE70792E219BF8250080C054 /* CustomPresentAnimator.m */,
				CE707930219BFC7C0080C054 /* CustomDismissAnimator.h */,
				CE707931219BFC7C0080C054 /* CustomDismissAnimator.m */,
				CE707933219C18110080C054 /* CustomPresentInteractiveTransition.h */,
				CE707934219C18110080C054 /* CustomPresentInteractiveTransition.m */,
				CE707939219C217F0080C054 /* CustomPresentAnimator1.h */,
				CE70793A219C217F0080C054 /* CustomPresentAnimator1.m */,
				CE707936219C1EA30080C054 /* TestAViewController.h */,
				CE707937219C1EA30080C054 /* TestAViewController.m */,
			);
			path = TSTTransitionDemo;
			sourceTree = "<group>";
		};
		CE7077FB219A81300080C054 /* TSTTransitionDemoTests */ = {
			isa = PBXGroup;
			children = (
				CE7077FC219A81300080C054 /* TSTTransitionDemoTests.m */,
				CE7077FE219A81300080C054 /* Info.plist */,
			);
			path = TSTTransitionDemoTests;
			sourceTree = "<group>";
		};
		CE707806219A81300080C054 /* TSTTransitionDemoUITests */ = {
			isa = PBXGroup;
			children = (
				CE707807219A81300080C054 /* TSTTransitionDemoUITests.m */,
				CE707809219A81300080C054 /* Info.plist */,
			);
			path = TSTTransitionDemoUITests;
			sourceTree = "<group>";
		};
		CE707819219A81D90080C054 /* Frameworks */ = {
			isa = PBXGroup;
			children = (
			);
			name = Frameworks;
			sourceTree = "<group>";
		};
		CE707906219AB0330080C054 /* TSTTransition */ = {
			isa = PBXGroup;
			children = (
				CE70790E219AB0330080C054 /* TSTTransition.h */,
				CE707907219AB0330080C054 /* TSTTransition.m */,
				CE707908219AB0330080C054 /* TSTDismissInteractiveTransition.h */,
				CE70790D219AB0330080C054 /* TSTDismissInteractiveTransition.m */,
				CE707910219AB0330080C054 /* TSTAnimator.h */,
				CE70790A219AB0330080C054 /* TSTAnimator.m */,
				CE70790B219AB0330080C054 /* UIViewController+TSTTransition.h */,
				CE707911219AB0330080C054 /* UIViewController+TSTTransition.m */,
				CE70790F219AB0330080C054 /* TSTTransitionGlobalSetting.h */,
				CE707909219AB0330080C054 /* TSTTransitionGlobalSetting.m */,
				CE70790C219AB0330080C054 /* UIViewController+TSTTransitionPrivate.h */,
			);
			name = TSTTransition;
			path = ../../TSTTransition;
			sourceTree = "<group>";
		};
/* End PBXGroup section */

/* Begin PBXNativeTarget section */
		CE7077DF219A812D0080C054 /* TSTTransitionDemo */ = {
			isa = PBXNativeTarget;
			buildConfigurationList = CE70780C219A81300080C054 /* Build configuration list for PBXNativeTarget "TSTTransitionDemo" */;
			buildPhases = (
				CE7077DC219A812D0080C054 /* Sources */,
				CE7077DD219A812D0080C054 /* Frameworks */,
				CE7077DE219A812D0080C054 /* Resources */,
			);
			buildRules = (
			);
			dependencies = (
			);
			name = TSTTransitionDemo;
			productName = TSTTransitionDemo;
			productReference = CE7077E0219A812D0080C054 /* TSTTransitionDemo.app */;
			productType = "com.apple.product-type.application";
		};
		CE7077F7219A81300080C054 /* TSTTransitionDemoTests */ = {
			isa = PBXNativeTarget;
			buildConfigurationList = CE70780F219A81300080C054 /* Build configuration list for PBXNativeTarget "TSTTransitionDemoTests" */;
			buildPhases = (
				CE7077F4219A81300080C054 /* Sources */,
				CE7077F5219A81300080C054 /* Frameworks */,
				CE7077F6219A81300080C054 /* Resources */,
			);
			buildRules = (
			);
			dependencies = (
				CE7077FA219A81300080C054 /* PBXTargetDependency */,
			);
			name = TSTTransitionDemoTests;
			productName = TSTTransitionDemoTests;
			productReference = CE7077F8219A81300080C054 /* TSTTransitionDemoTests.xctest */;
			productType = "com.apple.product-type.bundle.unit-test";
		};
		CE707802219A81300080C054 /* TSTTransitionDemoUITests */ = {
			isa = PBXNativeTarget;
			buildConfigurationList = CE707812219A81300080C054 /* Build configuration list for PBXNativeTarget "TSTTransitionDemoUITests" */;
			buildPhases = (
				CE7077FF219A81300080C054 /* Sources */,
				CE707800219A81300080C054 /* Frameworks */,
				CE707801219A81300080C054 /* Resources */,
			);
			buildRules = (
			);
			dependencies = (
				CE707805219A81300080C054 /* PBXTargetDependency */,
			);
			name = TSTTransitionDemoUITests;
			productName = TSTTransitionDemoUITests;
			productReference = CE707803219A81300080C054 /* TSTTransitionDemoUITests.xctest */;
			productType = "com.apple.product-type.bundle.ui-testing";
		};
/* End PBXNativeTarget section */

/* Begin PBXProject section */
		CE7077D8219A812D0080C054 /* Project object */ = {
			isa = PBXProject;
			attributes = {
				LastUpgradeCheck = 1000;
				ORGANIZATIONNAME = jianghongbing;
				TargetAttributes = {
					CE7077DF219A812D0080C054 = {
						CreatedOnToolsVersion = 10.0;
					};
					CE7077F7219A81300080C054 = {
						CreatedOnToolsVersion = 10.0;
						TestTargetID = CE7077DF219A812D0080C054;
					};
					CE707802219A81300080C054 = {
						CreatedOnToolsVersion = 10.0;
						TestTargetID = CE7077DF219A812D0080C054;
					};
				};
			};
			buildConfigurationList = CE7077DB219A812D0080C054 /* Build configuration list for PBXProject "TSTTransitionDemo" */;
			compatibilityVersion = "Xcode 9.3";
			developmentRegion = en;
			hasScannedForEncodings = 0;
			knownRegions = (
				en,
				Base,
			);
			mainGroup = CE7077D7219A812D0080C054;
			productRefGroup = CE7077E1219A812D0080C054 /* Products */;
			projectDirPath = "";
			projectRoot = "";
			targets = (
				CE7077DF219A812D0080C054 /* TSTTransitionDemo */,
				CE7077F7219A81300080C054 /* TSTTransitionDemoTests */,
				CE707802219A81300080C054 /* TSTTransitionDemoUITests */,
			);
		};
/* End PBXProject section */

/* Begin PBXResourcesBuildPhase section */
		CE7077DE219A812D0080C054 /* Resources */ = {
			isa = PBXResourcesBuildPhase;
			buildActionMask = 2147483647;
			files = (
				CE7077F0219A81300080C054 /* LaunchScreen.storyboard in Resources */,
				CE7077ED219A81300080C054 /* Assets.xcassets in Resources */,
				CE7077EB219A812D0080C054 /* Main.storyboard in Resources */,
			);
			runOnlyForDeploymentPostprocessing = 0;
		};
		CE7077F6219A81300080C054 /* Resources */ = {
			isa = PBXResourcesBuildPhase;
			buildActionMask = 2147483647;
			files = (
			);
			runOnlyForDeploymentPostprocessing = 0;
		};
		CE707801219A81300080C054 /* Resources */ = {
			isa = PBXResourcesBuildPhase;
			buildActionMask = 2147483647;
			files = (
			);
			runOnlyForDeploymentPostprocessing = 0;
		};
/* End PBXResourcesBuildPhase section */

/* Begin PBXSourcesBuildPhase section */
		CE7077DC219A812D0080C054 /* Sources */ = {
			isa = PBXSourcesBuildPhase;
			buildActionMask = 2147483647;
			files = (
				CE707938219C1EA30080C054 /* TestAViewController.m in Sources */,
				CE707912219AB0340080C054 /* TSTTransition.m in Sources */,
				CE70791F219AC7A00080C054 /* UIViewController+Utils.m in Sources */,
				CE70792F219BF8250080C054 /* CustomPresentAnimator.m in Sources */,
				CE7077F3219A81300080C054 /* main.m in Sources */,
				CE70793B219C217F0080C054 /* CustomPresentAnimator1.m in Sources */,
				CE707935219C18110080C054 /* CustomPresentInteractiveTransition.m in Sources */,
				CE707916219AB0340080C054 /* UIViewController+TSTTransition.m in Sources */,
				CE707914219AB0340080C054 /* TSTAnimator.m in Sources */,
				CE707922219AD4AE0080C054 /* TabBarController.m in Sources */,
				CE70791C219AC7160080C054 /* TestViewController.m in Sources */,
				CE707932219BFC7C0080C054 /* CustomDismissAnimator.m in Sources */,
				CE707913219AB0340080C054 /* TSTTransitionGlobalSetting.m in Sources */,
				CE707919219AB1090080C054 /* SettingViewController.m in Sources */,
				CE707905219AAEA60080C054 /* TableViewController.m in Sources */,
				CE707915219AB0340080C054 /* TSTDismissInteractiveTransition.m in Sources */,
				CE7077E5219A812D0080C054 /* AppDelegate.m in Sources */,
			);
			runOnlyForDeploymentPostprocessing = 0;
		};
		CE7077F4219A81300080C054 /* Sources */ = {
			isa = PBXSourcesBuildPhase;
			buildActionMask = 2147483647;
			files = (
				CE7077FD219A81300080C054 /* TSTTransitionDemoTests.m in Sources */,
			);
			runOnlyForDeploymentPostprocessing = 0;
		};
		CE7077FF219A81300080C054 /* Sources */ = {
			isa = PBXSourcesBuildPhase;
			buildActionMask = 2147483647;
			files = (
				CE707808219A81300080C054 /* TSTTransitionDemoUITests.m in Sources */,
			);
			runOnlyForDeploymentPostprocessing = 0;
		};
/* End PBXSourcesBuildPhase section */

/* Begin PBXTargetDependency section */
		CE7077FA219A81300080C054 /* PBXTargetDependency */ = {
			isa = PBXTargetDependency;
			target = CE7077DF219A812D0080C054 /* TSTTransitionDemo */;
			targetProxy = CE7077F9219A81300080C054 /* PBXContainerItemProxy */;
		};
		CE707805219A81300080C054 /* PBXTargetDependency */ = {
			isa = PBXTargetDependency;
			target = CE7077DF219A812D0080C054 /* TSTTransitionDemo */;
			targetProxy = CE707804219A81300080C054 /* PBXContainerItemProxy */;
		};
/* End PBXTargetDependency section */

/* Begin PBXVariantGroup section */
		CE7077E9219A812D0080C054 /* Main.storyboard */ = {
			isa = PBXVariantGroup;
			children = (
				CE7077EA219A812D0080C054 /* Base */,
			);
			name = Main.storyboard;
			sourceTree = "<group>";
		};
		CE7077EE219A81300080C054 /* LaunchScreen.storyboard */ = {
			isa = PBXVariantGroup;
			children = (
				CE7077EF219A81300080C054 /* Base */,
			);
			name = LaunchScreen.storyboard;
			sourceTree = "<group>";
		};
/* End PBXVariantGroup section */

/* Begin XCBuildConfiguration section */
		CE70780A219A81300080C054 /* Debug */ = {
			isa = XCBuildConfiguration;
			buildSettings = {
				ALWAYS_SEARCH_USER_PATHS = NO;
				CLANG_ANALYZER_NONNULL = YES;
				CLANG_ANALYZER_NUMBER_OBJECT_CONVERSION = YES_AGGRESSIVE;
				CLANG_CXX_LANGUAGE_STANDARD = "gnu++14";
				CLANG_CXX_LIBRARY = "libc++";
				CLANG_ENABLE_MODULES = YES;
				CLANG_ENABLE_OBJC_ARC = YES;
				CLANG_ENABLE_OBJC_WEAK = YES;
				CLANG_WARN_BLOCK_CAPTURE_AUTORELEASING = YES;
				CLANG_WARN_BOOL_CONVERSION = YES;
				CLANG_WARN_COMMA = YES;
				CLANG_WARN_CONSTANT_CONVERSION = YES;
				CLANG_WARN_DEPRECATED_OBJC_IMPLEMENTATIONS = YES;
				CLANG_WARN_DIRECT_OBJC_ISA_USAGE = YES_ERROR;
				CLANG_WARN_DOCUMENTATION_COMMENTS = YES;
				CLANG_WARN_EMPTY_BODY = YES;
				CLANG_WARN_ENUM_CONVERSION = YES;
				CLANG_WARN_INFINITE_RECURSION = YES;
				CLANG_WARN_INT_CONVERSION = YES;
				CLANG_WARN_NON_LITERAL_NULL_CONVERSION = YES;
				CLANG_WARN_OBJC_IMPLICIT_RETAIN_SELF = YES;
				CLANG_WARN_OBJC_LITERAL_CONVERSION = YES;
				CLANG_WARN_OBJC_ROOT_CLASS = YES_ERROR;
				CLANG_WARN_RANGE_LOOP_ANALYSIS = YES;
				CLANG_WARN_STRICT_PROTOTYPES = YES;
				CLANG_WARN_SUSPICIOUS_MOVE = YES;
				CLANG_WARN_UNGUARDED_AVAILABILITY = YES_AGGRESSIVE;
				CLANG_WARN_UNREACHABLE_CODE = YES;
				CLANG_WARN__DUPLICATE_METHOD_MATCH = YES;
				CODE_SIGN_IDENTITY = "iPhone Developer";
				COPY_PHASE_STRIP = NO;
				DEBUG_INFORMATION_FORMAT = dwarf;
				ENABLE_STRICT_OBJC_MSGSEND = YES;
				ENABLE_TESTABILITY = YES;
				GCC_C_LANGUAGE_STANDARD = gnu11;
				GCC_DYNAMIC_NO_PIC = NO;
				GCC_NO_COMMON_BLOCKS = YES;
				GCC_OPTIMIZATION_LEVEL = 0;
				GCC_PREPROCESSOR_DEFINITIONS = (
					"DEBUG=1",
					"$(inherited)",
				);
				GCC_WARN_64_TO_32_BIT_CONVERSION = YES;
				GCC_WARN_ABOUT_RETURN_TYPE = YES_ERROR;
				GCC_WARN_UNDECLARED_SELECTOR = YES;
				GCC_WARN_UNINITIALIZED_AUTOS = YES_AGGRESSIVE;
				GCC_WARN_UNUSED_FUNCTION = YES;
				GCC_WARN_UNUSED_VARIABLE = YES;
				IPHONEOS_DEPLOYMENT_TARGET = 12.0;
				MTL_ENABLE_DEBUG_INFO = INCLUDE_SOURCE;
				MTL_FAST_MATH = YES;
				ONLY_ACTIVE_ARCH = YES;
				SDKROOT = iphoneos;
			};
			name = Debug;
		};
		CE70780B219A81300080C054 /* Release */ = {
			isa = XCBuildConfiguration;
			buildSettings = {
				ALWAYS_SEARCH_USER_PATHS = NO;
				CLANG_ANALYZER_NONNULL = YES;
				CLANG_ANALYZER_NUMBER_OBJECT_CONVERSION = YES_AGGRESSIVE;
				CLANG_CXX_LANGUAGE_STANDARD = "gnu++14";
				CLANG_CXX_LIBRARY = "libc++";
				CLANG_ENABLE_MODULES = YES;
				CLANG_ENABLE_OBJC_ARC = YES;
				CLANG_ENABLE_OBJC_WEAK = YES;
				CLANG_WARN_BLOCK_CAPTURE_AUTORELEASING = YES;
				CLANG_WARN_BOOL_CONVERSION = YES;
				CLANG_WARN_COMMA = YES;
				CLANG_WARN_CONSTANT_CONVERSION = YES;
				CLANG_WARN_DEPRECATED_OBJC_IMPLEMENTATIONS = YES;
				CLANG_WARN_DIRECT_OBJC_ISA_USAGE = YES_ERROR;
				CLANG_WARN_DOCUMENTATION_COMMENTS = YES;
				CLANG_WARN_EMPTY_BODY = YES;
				CLANG_WARN_ENUM_CONVERSION = YES;
				CLANG_WARN_INFINITE_RECURSION = YES;
				CLANG_WARN_INT_CONVERSION = YES;
				CLANG_WARN_NON_LITERAL_NULL_CONVERSION = YES;
				CLANG_WARN_OBJC_IMPLICIT_RETAIN_SELF = YES;
				CLANG_WARN_OBJC_LITERAL_CONVERSION = YES;
				CLANG_WARN_OBJC_ROOT_CLASS = YES_ERROR;
				CLANG_WARN_RANGE_LOOP_ANALYSIS = YES;
				CLANG_WARN_STRICT_PROTOTYPES = YES;
				CLANG_WARN_SUSPICIOUS_MOVE = YES;
				CLANG_WARN_UNGUARDED_AVAILABILITY = YES_AGGRESSIVE;
				CLANG_WARN_UNREACHABLE_CODE = YES;
				CLANG_WARN__DUPLICATE_METHOD_MATCH = YES;
				CODE_SIGN_IDENTITY = "iPhone Developer";
				COPY_PHASE_STRIP = NO;
				DEBUG_INFORMATION_FORMAT = "dwarf-with-dsym";
				ENABLE_NS_ASSERTIONS = NO;
				ENABLE_STRICT_OBJC_MSGSEND = YES;
				GCC_C_LANGUAGE_STANDARD = gnu11;
				GCC_NO_COMMON_BLOCKS = YES;
				GCC_WARN_64_TO_32_BIT_CONVERSION = YES;
				GCC_WARN_ABOUT_RETURN_TYPE = YES_ERROR;
				GCC_WARN_UNDECLARED_SELECTOR = YES;
				GCC_WARN_UNINITIALIZED_AUTOS = YES_AGGRESSIVE;
				GCC_WARN_UNUSED_FUNCTION = YES;
				GCC_WARN_UNUSED_VARIABLE = YES;
				IPHONEOS_DEPLOYMENT_TARGET = 12.0;
				MTL_ENABLE_DEBUG_INFO = NO;
				MTL_FAST_MATH = YES;
				SDKROOT = iphoneos;
				VALIDATE_PRODUCT = YES;
			};
			name = Release;
		};
		CE70780D219A81300080C054 /* Debug */ = {
			isa = XCBuildConfiguration;
			buildSettings = {
				ASSETCATALOG_COMPILER_APPICON_NAME = AppIcon;
				CODE_SIGN_STYLE = Manual;
				DEVELOPMENT_TEAM = WSQMLX487W;
				INFOPLIST_FILE = TSTTransitionDemo/Info.plist;
				IPHONEOS_DEPLOYMENT_TARGET = 8.0;
				LD_RUNPATH_SEARCH_PATHS = (
					"$(inherited)",
					"@executable_path/Frameworks",
				);
				PRODUCT_BUNDLE_IDENTIFIER = com.jianghongbing.TSTTransitionDemo;
				PRODUCT_NAME = "$(TARGET_NAME)";
				PROVISIONING_PROFILE_SPECIFIER = ios_development;
				TARGETED_DEVICE_FAMILY = "1,2";
			};
			name = Debug;
		};
		CE70780E219A81300080C054 /* Release */ = {
			isa = XCBuildConfiguration;
			buildSettings = {
				ASSETCATALOG_COMPILER_APPICON_NAME = AppIcon;
				CODE_SIGN_IDENTITY = "iPhone Distribution";
				CODE_SIGN_STYLE = Manual;
				DEVELOPMENT_TEAM = WSQMLX487W;
				INFOPLIST_FILE = TSTTransitionDemo/Info.plist;
				IPHONEOS_DEPLOYMENT_TARGET = 8.0;
				LD_RUNPATH_SEARCH_PATHS = (
					"$(inherited)",
					"@executable_path/Frameworks",
				);
				PRODUCT_BUNDLE_IDENTIFIER = com.jianghongbing.TSTTransitionDemo;
				PRODUCT_NAME = "$(TARGET_NAME)";
				PROVISIONING_PROFILE_SPECIFIER = ios_adhoc;
				TARGETED_DEVICE_FAMILY = "1,2";
			};
			name = Release;
		};
		CE707810219A81300080C054 /* Debug */ = {
			isa = XCBuildConfiguration;
			buildSettings = {
				BUNDLE_LOADER = "$(TEST_HOST)";
				CODE_SIGN_STYLE = Automatic;
				INFOPLIST_FILE = TSTTransitionDemoTests/Info.plist;
				LD_RUNPATH_SEARCH_PATHS = (
					"$(inherited)",
					"@executable_path/Frameworks",
					"@loader_path/Frameworks",
				);
				PRODUCT_BUNDLE_IDENTIFIER = com.jianghongbing.TSTTransitionDemoTests;
				PRODUCT_NAME = "$(TARGET_NAME)";
				TARGETED_DEVICE_FAMILY = "1,2";
				TEST_HOST = "$(BUILT_PRODUCTS_DIR)/TSTTransitionDemo.app/TSTTransitionDemo";
			};
			name = Debug;
		};
		CE707811219A81300080C054 /* Release */ = {
			isa = XCBuildConfiguration;
			buildSettings = {
				BUNDLE_LOADER = "$(TEST_HOST)";
				CODE_SIGN_STYLE = Automatic;
				INFOPLIST_FILE = TSTTransitionDemoTests/Info.plist;
				LD_RUNPATH_SEARCH_PATHS = (
					"$(inherited)",
					"@executable_path/Frameworks",
					"@loader_path/Frameworks",
				);
				PRODUCT_BUNDLE_IDENTIFIER = com.jianghongbing.TSTTransitionDemoTests;
				PRODUCT_NAME = "$(TARGET_NAME)";
				TARGETED_DEVICE_FAMILY = "1,2";
				TEST_HOST = "$(BUILT_PRODUCTS_DIR)/TSTTransitionDemo.app/TSTTransitionDemo";
			};
			name = Release;
		};
		CE707813219A81300080C054 /* Debug */ = {
			isa = XCBuildConfiguration;
			buildSettings = {
				CODE_SIGN_STYLE = Automatic;
				INFOPLIST_FILE = TSTTransitionDemoUITests/Info.plist;
				LD_RUNPATH_SEARCH_PATHS = (
					"$(inherited)",
					"@executable_path/Frameworks",
					"@loader_path/Frameworks",
				);
				PRODUCT_BUNDLE_IDENTIFIER = com.jianghongbing.TSTTransitionDemoUITests;
				PRODUCT_NAME = "$(TARGET_NAME)";
				TARGETED_DEVICE_FAMILY = "1,2";
				TEST_TARGET_NAME = TSTTransitionDemo;
			};
			name = Debug;
		};
		CE707814219A81300080C054 /* Release */ = {
			isa = XCBuildConfiguration;
			buildSettings = {
				CODE_SIGN_STYLE = Automatic;
				INFOPLIST_FILE = TSTTransitionDemoUITests/Info.plist;
				LD_RUNPATH_SEARCH_PATHS = (
					"$(inherited)",
					"@executable_path/Frameworks",
					"@loader_path/Frameworks",
				);
				PRODUCT_BUNDLE_IDENTIFIER = com.jianghongbing.TSTTransitionDemoUITests;
				PRODUCT_NAME = "$(TARGET_NAME)";
				TARGETED_DEVICE_FAMILY = "1,2";
				TEST_TARGET_NAME = TSTTransitionDemo;
			};
			name = Release;
		};
/* End XCBuildConfiguration section */

/* Begin XCConfigurationList section */
		CE7077DB219A812D0080C054 /* Build configuration list for PBXProject "TSTTransitionDemo" */ = {
			isa = XCConfigurationList;
			buildConfigurations = (
				CE70780A219A81300080C054 /* Debug */,
				CE70780B219A81300080C054 /* Release */,
			);
			defaultConfigurationIsVisible = 0;
			defaultConfigurationName = Release;
		};
		CE70780C219A81300080C054 /* Build configuration list for PBXNativeTarget "TSTTransitionDemo" */ = {
			isa = XCConfigurationList;
			buildConfigurations = (
				CE70780D219A81300080C054 /* Debug */,
				CE70780E219A81300080C054 /* Release */,
			);
			defaultConfigurationIsVisible = 0;
			defaultConfigurationName = Release;
		};
		CE70780F219A81300080C054 /* Build configuration list for PBXNativeTarget "TSTTransitionDemoTests" */ = {
			isa = XCConfigurationList;
			buildConfigurations = (
				CE707810219A81300080C054 /* Debug */,
				CE707811219A81300080C054 /* Release */,
			);
			defaultConfigurationIsVisible = 0;
			defaultConfigurationName = Release;
		};
		CE707812219A81300080C054 /* Build configuration list for PBXNativeTarget "TSTTransitionDemoUITests" */ = {
			isa = XCConfigurationList;
			buildConfigurations = (
				CE707813219A81300080C054 /* Debug */,
				CE707814219A81300080C054 /* Release */,
			);
			defaultConfigurationIsVisible = 0;
			defaultConfigurationName = Release;
		};
/* End XCConfigurationList section */
	};
	rootObject = CE7077D8219A812D0080C054 /* Project object */;
}
